
Microsoft Visual Studio Solution File, Format Version 12.00
# Visual Studio Version 16
VisualStudioVersion = 16.0.31727.386
MinimumVisualStudioVersion = 10.0.40219.1
Project("{9A19103F-16F7-4668-BE54-9A1E7A4F7556}") = "BigExercise", "BigExercise\BigExercise.csproj", "{AFAFAE73-32F1-4EF2-9762-C03D9BA89CC1}"
EndProject
Project("{2150E333-8FDC-42A3-9474-1A3956D46DE8}") = "Domain", "Domain", "{C5E2AA0D-D517-4C12-B19E-1EBB4A774D18}"
EndProject
Project("{9A19103F-16F7-4668-BE54-9A1E7A4F7556}") = "Domain", "Domain\Domain.csproj", "{E34B36EA-7953-4B46-8D75-B53683C456F0}"
EndProject
Project("{2150E333-8FDC-42A3-9474-1A3956D46DE8}") = "Service", "Service", "{933D00F3-9827-409D-A30E-04DCA23E82AE}"
EndProject
Project("{2150E333-8FDC-42A3-9474-1A3956D46DE8}") = "UnitTests", "UnitTests", "{597AEB84-C90E-4732-ADB5-398AC6FA2EE8}"
EndProject
Project("{9A19103F-16F7-4668-BE54-9A1E7A4F7556}") = "Testing", "Testing\Testing.csproj", "{1350DA1F-F852-4E3A-9C08-2A1462CC5B2A}"
EndProject
Project("{2150E333-8FDC-42A3-9474-1A3956D46DE8}") = "Data", "Data", "{7ABFFF0B-7E39-4DD0-8103-F8292290E5E8}"
EndProject
Project("{9A19103F-16F7-4668-BE54-9A1E7A4F7556}") = "DataAccessLayer", "Data\DataAccessLayer.csproj", "{D8D820CD-BAC2-4068-9EBF-27777B1203B3}"
EndProject
Project("{2150E333-8FDC-42A3-9474-1A3956D46DE8}") = "Repository", "Repository", "{B0ECBE66-1171-459B-A59A-A869BD829B3F}"
EndProject
Project("{9A19103F-16F7-4668-BE54-9A1E7A4F7556}") = "Repository", "Repository\Repository.csproj", "{BF35BAC5-53EE-4B89-BBC9-48B500FF16C7}"
EndProject
Project("{9A19103F-16F7-4668-BE54-9A1E7A4F7556}") = "DTO", "DTO\DTO.csproj", "{75A6E126-3CFC-419F-BD2C-AD20EFDF1A19}"
EndProject
Project("{2150E333-8FDC-42A3-9474-1A3956D46DE8}") = "WebUI", "WebUI", "{9E1A0C18-9E24-44A3-9C06-287D500F69C0}"
EndProject
Project("{FAE04EC0-301F-11D3-BF4B-00C04F79EFBC}") = "WebUIBlazor", "WebUIBlazor\WebUIBlazor.csproj", "{CB5E1E82-60F1-424E-BD0C-1F1B1E7E586C}"
EndProject
Global
	GlobalSection(SolutionConfigurationPlatforms) = preSolution
		Debug|Any CPU = Debug|Any CPU
		Release|Any CPU = Release|Any CPU
	EndGlobalSection
	GlobalSection(ProjectConfigurationPlatforms) = postSolution
		{AFAFAE73-32F1-4EF2-9762-C03D9BA89CC1}.Debug|Any CPU.ActiveCfg = Debug|Any CPU
		{AFAFAE73-32F1-4EF2-9762-C03D9BA89CC1}.Debug|Any CPU.Build.0 = Debug|Any CPU
		{AFAFAE73-32F1-4EF2-9762-C03D9BA89CC1}.Release|Any CPU.ActiveCfg = Release|Any CPU
		{AFAFAE73-32F1-4EF2-9762-C03D9BA89CC1}.Release|Any CPU.Build.0 = Release|Any CPU
		{E34B36EA-7953-4B46-8D75-B53683C456F0}.Debug|Any CPU.ActiveCfg = Debug|Any CPU
		{E34B36EA-7953-4B46-8D75-B53683C456F0}.Debug|Any CPU.Build.0 = Debug|Any CPU
		{E34B36EA-7953-4B46-8D75-B53683C456F0}.Release|Any CPU.ActiveCfg = Release|Any CPU
		{E34B36EA-7953-4B46-8D75-B53683C456F0}.Release|Any CPU.Build.0 = Release|Any CPU
		{1350DA1F-F852-4E3A-9C08-2A1462CC5B2A}.Debug|Any CPU.ActiveCfg = Debug|Any CPU
		{1350DA1F-F852-4E3A-9C08-2A1462CC5B2A}.Debug|Any CPU.Build.0 = Debug|Any CPU
		{1350DA1F-F852-4E3A-9C08-2A1462CC5B2A}.Release|Any CPU.ActiveCfg = Release|Any CPU
		{1350DA1F-F852-4E3A-9C08-2A1462CC5B2A}.Release|Any CPU.Build.0 = Release|Any CPU
		{D8D820CD-BAC2-4068-9EBF-27777B1203B3}.Debug|Any CPU.ActiveCfg = Debug|Any CPU
		{D8D820CD-BAC2-4068-9EBF-27777B1203B3}.Debug|Any CPU.Build.0 = Debug|Any CPU
		{D8D820CD-BAC2-4068-9EBF-27777B1203B3}.Release|Any CPU.ActiveCfg = Release|Any CPU
		{D8D820CD-BAC2-4068-9EBF-27777B1203B3}.Release|Any CPU.Build.0 = Release|Any CPU
		{BF35BAC5-53EE-4B89-BBC9-48B500FF16C7}.Debug|Any CPU.ActiveCfg = Debug|Any CPU
		{BF35BAC5-53EE-4B89-BBC9-48B500FF16C7}.Debug|Any CPU.Build.0 = Debug|Any CPU
		{BF35BAC5-53EE-4B89-BBC9-48B500FF16C7}.Release|Any CPU.ActiveCfg = Release|Any CPU
		{BF35BAC5-53EE-4B89-BBC9-48B500FF16C7}.Release|Any CPU.Build.0 = Release|Any CPU
		{75A6E126-3CFC-419F-BD2C-AD20EFDF1A19}.Debug|Any CPU.ActiveCfg = Debug|Any CPU
		{75A6E126-3CFC-419F-BD2C-AD20EFDF1A19}.Debug|Any CPU.Build.0 = Debug|Any CPU
		{75A6E126-3CFC-419F-BD2C-AD20EFDF1A19}.Release|Any CPU.ActiveCfg = Release|Any CPU
		{75A6E126-3CFC-419F-BD2C-AD20EFDF1A19}.Release|Any CPU.Build.0 = Release|Any CPU
		{CB5E1E82-60F1-424E-BD0C-1F1B1E7E586C}.Debug|Any CPU.ActiveCfg = Debug|Any CPU
		{CB5E1E82-60F1-424E-BD0C-1F1B1E7E586C}.Debug|Any CPU.Build.0 = Debug|Any CPU
		{CB5E1E82-60F1-424E-BD0C-1F1B1E7E586C}.Release|Any CPU.ActiveCfg = Release|Any CPU
		{CB5E1E82-60F1-424E-BD0C-1F1B1E7E586C}.Release|Any CPU.Build.0 = Release|Any CPU
	EndGlobalSection
	GlobalSection(SolutionProperties) = preSolution
		HideSolutionNode = FALSE
	EndGlobalSection
	GlobalSection(NestedProjects) = preSolution
		{AFAFAE73-32F1-4EF2-9762-C03D9BA89CC1} = {933D00F3-9827-409D-A30E-04DCA23E82AE}
		{E34B36EA-7953-4B46-8D75-B53683C456F0} = {C5E2AA0D-D517-4C12-B19E-1EBB4A774D18}
		{1350DA1F-F852-4E3A-9C08-2A1462CC5B2A} = {597AEB84-C90E-4732-ADB5-398AC6FA2EE8}
		{D8D820CD-BAC2-4068-9EBF-27777B1203B3} = {7ABFFF0B-7E39-4DD0-8103-F8292290E5E8}
		{BF35BAC5-53EE-4B89-BBC9-48B500FF16C7} = {B0ECBE66-1171-459B-A59A-A869BD829B3F}
		{75A6E126-3CFC-419F-BD2C-AD20EFDF1A19} = {933D00F3-9827-409D-A30E-04DCA23E82AE}
		{CB5E1E82-60F1-424E-BD0C-1F1B1E7E586C} = {9E1A0C18-9E24-44A3-9C06-287D500F69C0}
	EndGlobalSection
	GlobalSection(ExtensibilityGlobals) = postSolution
		SolutionGuid = {B1E602D2-FB5A-4F3F-B2DD-043E5AE49481}
	EndGlobalSection
EndGlobal
